
Microsoft Visual Studio Solution File, Format Version 12.00
# Visual Studio Version 16
VisualStudioVersion = 16.0.29905.134
MinimumVisualStudioVersion = 10.0.40219.1
Project("{FAE04EC0-301F-11D3-BF4B-00C04F79EFBC}") = "CareBearsStare", "CareBearsStare\CareBearsStare.csproj", "{19998254-B705-49FD-89E5-715A5168783E}"
EndProject
Global
	GlobalSection(SolutionConfigurationPlatforms) = preSolution
		Debug|Any CPU = Debug|Any CPU
		Release|Any CPU = Release|Any CPU
	EndGlobalSection
	GlobalSection(ProjectConfigurationPlatforms) = postSolution
		{19998254-B705-49FD-89E5-715A5168783E}.Debug|Any CPU.ActiveCfg = Debug|Any CPU
		{19998254-B705-49FD-89E5-715A5168783E}.Debug|Any CPU.Build.0 = Debug|Any CPU
		{19998254-B705-49FD-89E5-715A5168783E}.Release|Any CPU.ActiveCfg = Release|Any CPU
		{19998254-B705-49FD-89E5-715A5168783E}.Release|Any CPU.Build.0 = Release|Any CPU
	EndGlobalSection
	GlobalSection(SolutionProperties) = preSolution
		HideSolutionNode = FALSE
	EndGlobalSection
	GlobalSection(ExtensibilityGlobals) = postSolution
		SolutionGuid = {050D21CD-A7DA-40A3-B59C-1FA98DE67480}
	EndGlobalSection
EndGlobal
